
Microsoft Visual Studio Solution File, Format Version 12.00
# Visual Studio Version 17
VisualStudioVersion = 17.8.34511.84
MinimumVisualStudioVersion = 10.0.40219.1
Project("{FAE04EC0-301F-11D3-BF4B-00C04F79EFBC}") = "ProjektPAUP", "ProjektPAUP\ProjektPAUP.csproj", "{997037B2-1396-4CF9-A4D0-E5FE8FDCF2B5}"
EndProject
Global
	GlobalSection(SolutionConfigurationPlatforms) = preSolution
		Debug|Any CPU = Debug|Any CPU
		Release|Any CPU = Release|Any CPU
	EndGlobalSection
	GlobalSection(ProjectConfigurationPlatforms) = postSolution
		{997037B2-1396-4CF9-A4D0-E5FE8FDCF2B5}.Debug|Any CPU.ActiveCfg = Debug|Any CPU
		{997037B2-1396-4CF9-A4D0-E5FE8FDCF2B5}.Debug|Any CPU.Build.0 = Debug|Any CPU
		{997037B2-1396-4CF9-A4D0-E5FE8FDCF2B5}.Release|Any CPU.ActiveCfg = Release|Any CPU
		{997037B2-1396-4CF9-A4D0-E5FE8FDCF2B5}.Release|Any CPU.Build.0 = Release|Any CPU
	EndGlobalSection
	GlobalSection(SolutionProperties) = preSolution
		HideSolutionNode = FALSE
	EndGlobalSection
	GlobalSection(ExtensibilityGlobals) = postSolution
		SolutionGuid = {06ED442F-87AC-4856-9AFC-82D60DC38B13}
	EndGlobalSection
EndGlobal
